
Microsoft Visual Studio Solution File, Format Version 11.00
# Visual Studio 2010
Project("{FAE04EC0-301F-11D3-BF4B-00C04F79EFBC}") = "Core", "Core\Core.csproj", "{43270923-D0F0-4664-B34D-092D2DDF2953}"
EndProject
Global
	GlobalSection(SolutionConfigurationPlatforms) = preSolution
		Debug|Any CPU = Debug|Any CPU
		Release|Any CPU = Release|Any CPU
	EndGlobalSection
	GlobalSection(ProjectConfigurationPlatforms) = postSolution
		{43270923-D0F0-4664-B34D-092D2DDF2953}.Debug|Any CPU.ActiveCfg = Debug|Any CPU
		{43270923-D0F0-4664-B34D-092D2DDF2953}.Debug|Any CPU.Build.0 = Debug|Any CPU
		{43270923-D0F0-4664-B34D-092D2DDF2953}.Release|Any CPU.ActiveCfg = Release|Any CPU
		{43270923-D0F0-4664-B34D-092D2DDF2953}.Release|Any CPU.Build.0 = Release|Any CPU
	EndGlobalSection
	GlobalSection(SolutionProperties) = preSolution
		HideSolutionNode = FALSE
	EndGlobalSection
EndGlobal
